{
  "name": "factory",
  "version": "0.0.1",
  "lockfileVersion": 1,
  "requires": true,
  "dependencies": {
    "jstoolbox": {
      "version": "1.0.2",
      "resolved": "https://registry.npmjs.org/jstoolbox/-/jstoolbox-1.0.2.tgz",
      "integrity": "sha512-2u/hQDD0M7rbDZNAPU3akVtBsZ1O5kuVrwPVnotQ0X2aYWVmFkt0jOEl8wfZGywYd6MO2aQszeZ0KpIiHw9+/g=="
    }
  }
}
